
Microsoft Visual Studio Solution File, Format Version 12.00
# Visual Studio 15
VisualStudioVersion = 15.0.28010.2003
MinimumVisualStudioVersion = 10.0.40219.1
Project("{8BC9CEB8-8B4A-11D0-8D11-00A0C91BC942}") = "1_simple", "1_simple\1_simple.vcxproj", "{A0BA45F6-EE29-4189-BB89-1C280736C295}"
EndProject
Project("{8BC9CEB8-8B4A-11D0-8D11-00A0C91BC942}") = "2_debug_output", "2_debug_output\2_debug_output.vcxproj", "{A0BA45F6-EE29-4189-BB89-1C280736C296}"
EndProject
Project("{8BC9CEB8-8B4A-11D0-8D11-00A0C91BC942}") = "3_dependencies", "3_dependencies\3_dependencies.vcxproj", "{A0BA45F6-EE29-4189-BB89-1C280736C297}"
EndProject
Project("{8BC9CEB8-8B4A-11D0-8D11-00A0C91BC942}") = "4_latent_actions", "4_latent_actions\4_latent_actions.vcxproj", "{A0BA45F6-EE29-4189-BB89-1C280736C298}"
EndProject
Project("{8BC9CEB8-8B4A-11D0-8D11-00A0C91BC942}") = "5_profile_events", "5_profile_events\5_profile_events.vcxproj", "{A0BA45F6-EE29-4189-BB89-1C280736C299}"
EndProject
Project("{8BC9CEB8-8B4A-11D0-8D11-00A0C91BC942}") = "6_user_allocation", "6_user_allocation\6_user_allocation.vcxproj", "{A0BA45F6-EE29-4189-BB89-1C280736C29A}"
EndProject
Project("{8BC9CEB8-8B4A-11D0-8D11-00A0C91BC942}") = "7_game_loop", "7_game_loop\7_game_loop.vcxproj", "{A0BA45F6-EE29-4189-BB89-1C280736C29B}"
EndProject
Global
	GlobalSection(SolutionConfigurationPlatforms) = preSolution
		Debug|durango = Debug|durango
		Debug|NX64 = Debug|NX64
		Debug|ORBIS = Debug|ORBIS
		Release|durango = Release|durango
		Release|NX64 = Release|NX64
		Release|ORBIS = Release|ORBIS
	EndGlobalSection
	GlobalSection(ProjectConfigurationPlatforms) = postSolution
		{A0BA45F6-EE29-4189-BB89-1C280736C295}.Debug|durango.ActiveCfg = Debug|durango
		{A0BA45F6-EE29-4189-BB89-1C280736C295}.Debug|durango.Build.0 = Debug|durango
		{A0BA45F6-EE29-4189-BB89-1C280736C295}.Debug|durango.Deploy.0 = Debug|durango
		{A0BA45F6-EE29-4189-BB89-1C280736C295}.Debug|NX64.ActiveCfg = Debug|NX64
		{A0BA45F6-EE29-4189-BB89-1C280736C295}.Debug|NX64.Build.0 = Debug|NX64
		{A0BA45F6-EE29-4189-BB89-1C280736C295}.Debug|ORBIS.ActiveCfg = Debug|ORBIS
		{A0BA45F6-EE29-4189-BB89-1C280736C295}.Debug|ORBIS.Build.0 = Debug|ORBIS
		{A0BA45F6-EE29-4189-BB89-1C280736C295}.Release|durango.ActiveCfg = Release|durango
		{A0BA45F6-EE29-4189-BB89-1C280736C295}.Release|durango.Build.0 = Release|durango
		{A0BA45F6-EE29-4189-BB89-1C280736C295}.Release|durango.Deploy.0 = Release|durango
		{A0BA45F6-EE29-4189-BB89-1C280736C295}.Release|NX64.ActiveCfg = Release|NX64
		{A0BA45F6-EE29-4189-BB89-1C280736C295}.Release|NX64.Build.0 = Release|NX64
		{A0BA45F6-EE29-4189-BB89-1C280736C295}.Release|ORBIS.ActiveCfg = Release|ORBIS
		{A0BA45F6-EE29-4189-BB89-1C280736C295}.Release|ORBIS.Build.0 = Release|ORBIS
		{A0BA45F6-EE29-4189-BB89-1C280736C296}.Debug|durango.ActiveCfg = Debug|durango
		{A0BA45F6-EE29-4189-BB89-1C280736C296}.Debug|durango.Deploy.0 = Debug|durango
		{A0BA45F6-EE29-4189-BB89-1C280736C296}.Debug|NX64.ActiveCfg = Debug|NX64
		{A0BA45F6-EE29-4189-BB89-1C280736C296}.Debug|NX64.Build.0 = Debug|NX64
		{A0BA45F6-EE29-4189-BB89-1C280736C296}.Debug|ORBIS.ActiveCfg = Debug|ORBIS
		{A0BA45F6-EE29-4189-BB89-1C280736C296}.Debug|ORBIS.Build.0 = Debug|ORBIS
		{A0BA45F6-EE29-4189-BB89-1C280736C296}.Release|durango.ActiveCfg = Release|durango
		{A0BA45F6-EE29-4189-BB89-1C280736C296}.Release|durango.Build.0 = Release|durango
		{A0BA45F6-EE29-4189-BB89-1C280736C296}.Release|durango.Deploy.0 = Release|durango
		{A0BA45F6-EE29-4189-BB89-1C280736C296}.Release|NX64.ActiveCfg = Release|NX64
		{A0BA45F6-EE29-4189-BB89-1C280736C296}.Release|NX64.Build.0 = Release|NX64
		{A0BA45F6-EE29-4189-BB89-1C280736C296}.Release|ORBIS.ActiveCfg = Release|ORBIS
		{A0BA45F6-EE29-4189-BB89-1C280736C296}.Release|ORBIS.Build.0 = Release|ORBIS
		{A0BA45F6-EE29-4189-BB89-1C280736C297}.Debug|durango.ActiveCfg = Debug|durango
		{A0BA45F6-EE29-4189-BB89-1C280736C297}.Debug|durango.Deploy.0 = Debug|durango
		{A0BA45F6-EE29-4189-BB89-1C280736C297}.Debug|NX64.ActiveCfg = Debug|NX64
		{A0BA45F6-EE29-4189-BB89-1C280736C297}.Debug|NX64.Build.0 = Debug|NX64
		{A0BA45F6-EE29-4189-BB89-1C280736C297}.Debug|ORBIS.ActiveCfg = Debug|ORBIS
		{A0BA45F6-EE29-4189-BB89-1C280736C297}.Debug|ORBIS.Build.0 = Debug|ORBIS
		{A0BA45F6-EE29-4189-BB89-1C280736C297}.Release|durango.ActiveCfg = Release|durango
		{A0BA45F6-EE29-4189-BB89-1C280736C297}.Release|durango.Build.0 = Release|durango
		{A0BA45F6-EE29-4189-BB89-1C280736C297}.Release|durango.Deploy.0 = Release|durango
		{A0BA45F6-EE29-4189-BB89-1C280736C297}.Release|NX64.ActiveCfg = Release|NX64
		{A0BA45F6-EE29-4189-BB89-1C280736C297}.Release|NX64.Build.0 = Release|NX64
		{A0BA45F6-EE29-4189-BB89-1C280736C297}.Release|ORBIS.ActiveCfg = Release|ORBIS
		{A0BA45F6-EE29-4189-BB89-1C280736C297}.Release|ORBIS.Build.0 = Release|ORBIS
		{A0BA45F6-EE29-4189-BB89-1C280736C298}.Debug|durango.ActiveCfg = Debug|durango
		{A0BA45F6-EE29-4189-BB89-1C280736C298}.Debug|durango.Build.0 = Debug|durango
		{A0BA45F6-EE29-4189-BB89-1C280736C298}.Debug|durango.Deploy.0 = Debug|durango
		{A0BA45F6-EE29-4189-BB89-1C280736C298}.Debug|NX64.ActiveCfg = Debug|NX64
		{A0BA45F6-EE29-4189-BB89-1C280736C298}.Debug|NX64.Build.0 = Debug|NX64
		{A0BA45F6-EE29-4189-BB89-1C280736C298}.Debug|ORBIS.ActiveCfg = Debug|ORBIS
		{A0BA45F6-EE29-4189-BB89-1C280736C298}.Debug|ORBIS.Build.0 = Debug|ORBIS
		{A0BA45F6-EE29-4189-BB89-1C280736C298}.Release|durango.ActiveCfg = Release|durango
		{A0BA45F6-EE29-4189-BB89-1C280736C298}.Release|durango.Build.0 = Release|durango
		{A0BA45F6-EE29-4189-BB89-1C280736C298}.Release|durango.Deploy.0 = Release|durango
		{A0BA45F6-EE29-4189-BB89-1C280736C298}.Release|NX64.ActiveCfg = Release|NX64
		{A0BA45F6-EE29-4189-BB89-1C280736C298}.Release|NX64.Build.0 = Release|NX64
		{A0BA45F6-EE29-4189-BB89-1C280736C298}.Release|ORBIS.ActiveCfg = Release|ORBIS
		{A0BA45F6-EE29-4189-BB89-1C280736C298}.Release|ORBIS.Build.0 = Release|ORBIS
		{A0BA45F6-EE29-4189-BB89-1C280736C299}.Debug|durango.ActiveCfg = Debug|durango
		{A0BA45F6-EE29-4189-BB89-1C280736C299}.Debug|durango.Build.0 = Debug|durango
		{A0BA45F6-EE29-4189-BB89-1C280736C299}.Debug|durango.Deploy.0 = Debug|durango
		{A0BA45F6-EE29-4189-BB89-1C280736C299}.Debug|NX64.ActiveCfg = Debug|NX64
		{A0BA45F6-EE29-4189-BB89-1C280736C299}.Debug|NX64.Build.0 = Debug|NX64
		{A0BA45F6-EE29-4189-BB89-1C280736C299}.Debug|ORBIS.ActiveCfg = Debug|ORBIS
		{A0BA45F6-EE29-4189-BB89-1C280736C299}.Debug|ORBIS.Build.0 = Debug|ORBIS
		{A0BA45F6-EE29-4189-BB89-1C280736C299}.Release|durango.ActiveCfg = Release|durango
		{A0BA45F6-EE29-4189-BB89-1C280736C299}.Release|durango.Build.0 = Release|durango
		{A0BA45F6-EE29-4189-BB89-1C280736C299}.Release|durango.Deploy.0 = Release|durango
		{A0BA45F6-EE29-4189-BB89-1C280736C299}.Release|NX64.ActiveCfg = Release|NX64
		{A0BA45F6-EE29-4189-BB89-1C280736C299}.Release|NX64.Build.0 = Release|NX64
		{A0BA45F6-EE29-4189-BB89-1C280736C299}.Release|ORBIS.ActiveCfg = Release|ORBIS
		{A0BA45F6-EE29-4189-BB89-1C280736C299}.Release|ORBIS.Build.0 = Release|ORBIS
		{A0BA45F6-EE29-4189-BB89-1C280736C29A}.Debug|durango.ActiveCfg = Debug|durango
		{A0BA45F6-EE29-4189-BB89-1C280736C29A}.Debug|durango.Build.0 = Debug|durango
		{A0BA45F6-EE29-4189-BB89-1C280736C29A}.Debug|durango.Deploy.0 = Debug|durango
		{A0BA45F6-EE29-4189-BB89-1C280736C29A}.Debug|NX64.ActiveCfg = Debug|NX64
		{A0BA45F6-EE29-4189-BB89-1C280736C29A}.Debug|NX64.Build.0 = Debug|NX64
		{A0BA45F6-EE29-4189-BB89-1C280736C29A}.Debug|ORBIS.ActiveCfg = Debug|ORBIS
		{A0BA45F6-EE29-4189-BB89-1C280736C29A}.Debug|ORBIS.Build.0 = Debug|ORBIS
		{A0BA45F6-EE29-4189-BB89-1C280736C29A}.Release|durango.ActiveCfg = Release|durango
		{A0BA45F6-EE29-4189-BB89-1C280736C29A}.Release|durango.Build.0 = Release|durango
		{A0BA45F6-EE29-4189-BB89-1C280736C29A}.Release|durango.Deploy.0 = Release|durango
		{A0BA45F6-EE29-4189-BB89-1C280736C29A}.Release|NX64.ActiveCfg = Release|NX64
		{A0BA45F6-EE29-4189-BB89-1C280736C29A}.Release|NX64.Build.0 = Release|NX64
		{A0BA45F6-EE29-4189-BB89-1C280736C29A}.Release|ORBIS.ActiveCfg = Release|ORBIS
		{A0BA45F6-EE29-4189-BB89-1C280736C29A}.Release|ORBIS.Build.0 = Release|ORBIS
		{A0BA45F6-EE29-4189-BB89-1C280736C29B}.Debug|durango.ActiveCfg = Debug|durango
		{A0BA45F6-EE29-4189-BB89-1C280736C29B}.Debug|durango.Build.0 = Debug|durango
		{A0BA45F6-EE29-4189-BB89-1C280736C29B}.Debug|durango.Deploy.0 = Debug|durango
		{A0BA45F6-EE29-4189-BB89-1C280736C29B}.Debug|NX64.ActiveCfg = Debug|NX64
		{A0BA45F6-EE29-4189-BB89-1C280736C29B}.Debug|NX64.Build.0 = Debug|NX64
		{A0BA45F6-EE29-4189-BB89-1C280736C29B}.Debug|ORBIS.ActiveCfg = Debug|ORBIS
		{A0BA45F6-EE29-4189-BB89-1C280736C29B}.Debug|ORBIS.Build.0 = Debug|ORBIS
		{A0BA45F6-EE29-4189-BB89-1C280736C29B}.Release|durango.ActiveCfg = Release|durango
		{A0BA45F6-EE29-4189-BB89-1C280736C29B}.Release|durango.Build.0 = Release|durango
		{A0BA45F6-EE29-4189-BB89-1C280736C29B}.Release|durango.Deploy.0 = Release|durango
		{A0BA45F6-EE29-4189-BB89-1C280736C29B}.Release|NX64.ActiveCfg = Release|NX64
		{A0BA45F6-EE29-4189-BB89-1C280736C29B}.Release|NX64.Build.0 = Release|NX64
		{A0BA45F6-EE29-4189-BB89-1C280736C29B}.Release|ORBIS.ActiveCfg = Release|ORBIS
		{A0BA45F6-EE29-4189-BB89-1C280736C29B}.Release|ORBIS.Build.0 = Release|ORBIS
	EndGlobalSection
	GlobalSection(SolutionProperties) = preSolution
		HideSolutionNode = FALSE
	EndGlobalSection
	GlobalSection(ExtensibilityGlobals) = postSolution
		SolutionGuid = {ECA12740-DA6F-4451-9C2F-E067E7A9FD27}
	EndGlobalSection
EndGlobal
